
Microsoft Visual Studio Solution File, Format Version 12.00
# Visual Studio Version 17
VisualStudioVersion = 17.0.31903.59
MinimumVisualStudioVersion = 10.0.40219.1
Project("{2150E333-8FDC-42A3-9474-1A3956D46DE8}") = "src", "src", "{827E0CD3-B72D-47B6-A68D-7590B98EB39B}"
EndProject
Project("{FAE04EC0-301F-11D3-BF4B-00C04F79EFBC}") = "KernelOS.Api", "src\KernelOS.Api\KernelOS.Api.csproj", "{61AD864F-F702-4633-AEBB-BB5EBB676E77}"
EndProject
Project("{FAE04EC0-301F-11D3-BF4B-00C04F79EFBC}") = "KernelOS.Core", "src\KernelOS.Core\KernelOS.Core.csproj", "{AECD81AB-7D8E-4863-A485-1280D1826D3A}"
EndProject
Project("{FAE04EC0-301F-11D3-BF4B-00C04F79EFBC}") = "KernelOS.Infrastructure", "src\KernelOS.Infrastructure\KernelOS.Infrastructure.csproj", "{88B4A024-C3F7-47A9-AA77-1A4B1D00DAFE}"
EndProject
Project("{FAE04EC0-301F-11D3-BF4B-00C04F79EFBC}") = "KernelOS.Tools", "src\KernelOS.Tools\KernelOS.Tools.csproj", "{E81CB8D3-2A3D-428B-8C7F-B0B2D3B60EDB}"
EndProject
Project("{FAE04EC0-301F-11D3-BF4B-00C04F79EFBC}") = "KernelOS.Web", "src\KernelOS.Web\KernelOS.Web.csproj", "{F7134454-53AF-4B7A-9FE5-CA696D4718F9}"
EndProject
Project("{FAE04EC0-301F-11D3-BF4B-00C04F79EFBC}") = "KernelOS.Tests", "tests\KernelOS.Tests\KernelOS.Tests.csproj", "{B9314C70-A748-4D8B-B5E9-62D7D786B187}"
EndProject
Global
	GlobalSection(SolutionConfigurationPlatforms) = preSolution
		Debug|Any CPU = Debug|Any CPU
		Debug|x64 = Debug|x64
		Debug|x86 = Debug|x86
		Release|Any CPU = Release|Any CPU
		Release|x64 = Release|x64
		Release|x86 = Release|x86
	EndGlobalSection
	GlobalSection(ProjectConfigurationPlatforms) = postSolution
		{61AD864F-F702-4633-AEBB-BB5EBB676E77}.Debug|Any CPU.ActiveCfg = Debug|Any CPU
		{61AD864F-F702-4633-AEBB-BB5EBB676E77}.Debug|Any CPU.Build.0 = Debug|Any CPU
		{61AD864F-F702-4633-AEBB-BB5EBB676E77}.Debug|x64.ActiveCfg = Debug|Any CPU
		{61AD864F-F702-4633-AEBB-BB5EBB676E77}.Debug|x64.Build.0 = Debug|Any CPU
		{61AD864F-F702-4633-AEBB-BB5EBB676E77}.Debug|x86.ActiveCfg = Debug|Any CPU
		{61AD864F-F702-4633-AEBB-BB5EBB676E77}.Debug|x86.Build.0 = Debug|Any CPU
		{61AD864F-F702-4633-AEBB-BB5EBB676E77}.Release|Any CPU.ActiveCfg = Release|Any CPU
		{61AD864F-F702-4633-AEBB-BB5EBB676E77}.Release|Any CPU.Build.0 = Release|Any CPU
		{61AD864F-F702-4633-AEBB-BB5EBB676E77}.Release|x64.ActiveCfg = Release|Any CPU
		{61AD864F-F702-4633-AEBB-BB5EBB676E77}.Release|x64.Build.0 = Release|Any CPU
		{61AD864F-F702-4633-AEBB-BB5EBB676E77}.Release|x86.ActiveCfg = Release|Any CPU
		{61AD864F-F702-4633-AEBB-BB5EBB676E77}.Release|x86.Build.0 = Release|Any CPU
		{AECD81AB-7D8E-4863-A485-1280D1826D3A}.Debug|Any CPU.ActiveCfg = Debug|Any CPU
		{AECD81AB-7D8E-4863-A485-1280D1826D3A}.Debug|Any CPU.Build.0 = Debug|Any CPU
		{AECD81AB-7D8E-4863-A485-1280D1826D3A}.Debug|x64.ActiveCfg = Debug|Any CPU
		{AECD81AB-7D8E-4863-A485-1280D1826D3A}.Debug|x64.Build.0 = Debug|Any CPU
		{AECD81AB-7D8E-4863-A485-1280D1826D3A}.Debug|x86.ActiveCfg = Debug|Any CPU
		{AECD81AB-7D8E-4863-A485-1280D1826D3A}.Debug|x86.Build.0 = Debug|Any CPU
		{AECD81AB-7D8E-4863-A485-1280D1826D3A}.Release|Any CPU.ActiveCfg = Release|Any CPU
		{AECD81AB-7D8E-4863-A485-1280D1826D3A}.Release|Any CPU.Build.0 = Release|Any CPU
		{AECD81AB-7D8E-4863-A485-1280D1826D3A}.Release|x64.ActiveCfg = Release|Any CPU
		{AECD81AB-7D8E-4863-A485-1280D1826D3A}.Release|x64.Build.0 = Release|Any CPU
		{AECD81AB-7D8E-4863-A485-1280D1826D3A}.Release|x86.ActiveCfg = Release|Any CPU
		{AECD81AB-7D8E-4863-A485-1280D1826D3A}.Release|x86.Build.0 = Release|Any CPU
		{88B4A024-C3F7-47A9-AA77-1A4B1D00DAFE}.Debug|Any CPU.ActiveCfg = Debug|Any CPU
		{88B4A024-C3F7-47A9-AA77-1A4B1D00DAFE}.Debug|Any CPU.Build.0 = Debug|Any CPU
		{88B4A024-C3F7-47A9-AA77-1A4B1D00DAFE}.Debug|x64.ActiveCfg = Debug|Any CPU
		{88B4A024-C3F7-47A9-AA77-1A4B1D00DAFE}.Debug|x64.Build.0 = Debug|Any CPU
		{88B4A024-C3F7-47A9-AA77-1A4B1D00DAFE}.Debug|x86.ActiveCfg = Debug|Any CPU
		{88B4A024-C3F7-47A9-AA77-1A4B1D00DAFE}.Debug|x86.Build.0 = Debug|Any CPU
		{88B4A024-C3F7-47A9-AA77-1A4B1D00DAFE}.Release|Any CPU.ActiveCfg = Release|Any CPU
		{88B4A024-C3F7-47A9-AA77-1A4B1D00DAFE}.Release|Any CPU.Build.0 = Release|Any CPU
		{88B4A024-C3F7-47A9-AA77-1A4B1D00DAFE}.Release|x64.ActiveCfg = Release|Any CPU
		{88B4A024-C3F7-47A9-AA77-1A4B1D00DAFE}.Release|x64.Build.0 = Release|Any CPU
		{88B4A024-C3F7-47A9-AA77-1A4B1D00DAFE}.Release|x86.ActiveCfg = Release|Any CPU
		{88B4A024-C3F7-47A9-AA77-1A4B1D00DAFE}.Release|x86.Build.0 = Release|Any CPU
		{E81CB8D3-2A3D-428B-8C7F-B0B2D3B60EDB}.Debug|Any CPU.ActiveCfg = Debug|Any CPU
		{E81CB8D3-2A3D-428B-8C7F-B0B2D3B60EDB}.Debug|Any CPU.Build.0 = Debug|Any CPU
		{E81CB8D3-2A3D-428B-8C7F-B0B2D3B60EDB}.Debug|x64.ActiveCfg = Debug|Any CPU
		{E81CB8D3-2A3D-428B-8C7F-B0B2D3B60EDB}.Debug|x64.Build.0 = Debug|Any CPU
		{E81CB8D3-2A3D-428B-8C7F-B0B2D3B60EDB}.Debug|x86.ActiveCfg = Debug|Any CPU
		{E81CB8D3-2A3D-428B-8C7F-B0B2D3B60EDB}.Debug|x86.Build.0 = Debug|Any CPU
		{E81CB8D3-2A3D-428B-8C7F-B0B2D3B60EDB}.Release|Any CPU.ActiveCfg = Release|Any CPU
		{E81CB8D3-2A3D-428B-8C7F-B0B2D3B60EDB}.Release|Any CPU.Build.0 = Release|Any CPU
		{E81CB8D3-2A3D-428B-8C7F-B0B2D3B60EDB}.Release|x64.ActiveCfg = Release|Any CPU
		{E81CB8D3-2A3D-428B-8C7F-B0B2D3B60EDB}.Release|x64.Build.0 = Release|Any CPU
		{E81CB8D3-2A3D-428B-8C7F-B0B2D3B60EDB}.Release|x86.ActiveCfg = Release|Any CPU
		{E81CB8D3-2A3D-428B-8C7F-B0B2D3B60EDB}.Release|x86.Build.0 = Release|Any CPU
		{F7134454-53AF-4B7A-9FE5-CA696D4718F9}.Debug|Any CPU.ActiveCfg = Debug|Any CPU
		{F7134454-53AF-4B7A-9FE5-CA696D4718F9}.Debug|Any CPU.Build.0 = Debug|Any CPU
		{F7134454-53AF-4B7A-9FE5-CA696D4718F9}.Debug|x64.ActiveCfg = Debug|Any CPU
		{F7134454-53AF-4B7A-9FE5-CA696D4718F9}.Debug|x64.Build.0 = Debug|Any CPU
		{F7134454-53AF-4B7A-9FE5-CA696D4718F9}.Debug|x86.ActiveCfg = Debug|Any CPU
		{F7134454-53AF-4B7A-9FE5-CA696D4718F9}.Debug|x86.Build.0 = Debug|Any CPU
		{F7134454-53AF-4B7A-9FE5-CA696D4718F9}.Release|Any CPU.ActiveCfg = Release|Any CPU
		{F7134454-53AF-4B7A-9FE5-CA696D4718F9}.Release|Any CPU.Build.0 = Release|Any CPU
		{F7134454-53AF-4B7A-9FE5-CA696D4718F9}.Release|x64.ActiveCfg = Release|Any CPU
		{F7134454-53AF-4B7A-9FE5-CA696D4718F9}.Release|x64.Build.0 = Release|Any CPU
		{F7134454-53AF-4B7A-9FE5-CA696D4718F9}.Release|x86.ActiveCfg = Release|Any CPU
		{F7134454-53AF-4B7A-9FE5-CA696D4718F9}.Release|x86.Build.0 = Release|Any CPU
		{B9314C70-A748-4D8B-B5E9-62D7D786B187}.Debug|Any CPU.ActiveCfg = Debug|Any CPU
		{B9314C70-A748-4D8B-B5E9-62D7D786B187}.Debug|Any CPU.Build.0 = Debug|Any CPU
		{B9314C70-A748-4D8B-B5E9-62D7D786B187}.Debug|x64.ActiveCfg = Debug|Any CPU
		{B9314C70-A748-4D8B-B5E9-62D7D786B187}.Debug|x64.Build.0 = Debug|Any CPU
		{B9314C70-A748-4D8B-B5E9-62D7D786B187}.Debug|x86.ActiveCfg = Debug|Any CPU
		{B9314C70-A748-4D8B-B5E9-62D7D786B187}.Debug|x86.Build.0 = Debug|Any CPU
		{B9314C70-A748-4D8B-B5E9-62D7D786B187}.Release|Any CPU.ActiveCfg = Release|Any CPU
		{B9314C70-A748-4D8B-B5E9-62D7D786B187}.Release|Any CPU.Build.0 = Release|Any CPU
		{B9314C70-A748-4D8B-B5E9-62D7D786B187}.Release|x64.ActiveCfg = Release|Any CPU
		{B9314C70-A748-4D8B-B5E9-62D7D786B187}.Release|x64.Build.0 = Release|Any CPU
		{B9314C70-A748-4D8B-B5E9-62D7D786B187}.Release|x86.ActiveCfg = Release|Any CPU
		{B9314C70-A748-4D8B-B5E9-62D7D786B187}.Release|x86.Build.0 = Release|Any CPU
	EndGlobalSection
	GlobalSection(SolutionProperties) = preSolution
		HideSolutionNode = FALSE
	EndGlobalSection
	GlobalSection(NestedProjects) = preSolution
		{61AD864F-F702-4633-AEBB-BB5EBB676E77} = {827E0CD3-B72D-47B6-A68D-7590B98EB39B}
		{AECD81AB-7D8E-4863-A485-1280D1826D3A} = {827E0CD3-B72D-47B6-A68D-7590B98EB39B}
		{88B4A024-C3F7-47A9-AA77-1A4B1D00DAFE} = {827E0CD3-B72D-47B6-A68D-7590B98EB39B}
		{E81CB8D3-2A3D-428B-8C7F-B0B2D3B60EDB} = {827E0CD3-B72D-47B6-A68D-7590B98EB39B}
		{F7134454-53AF-4B7A-9FE5-CA696D4718F9} = {827E0CD3-B72D-47B6-A68D-7590B98EB39B}
		{B9314C70-A748-4D8B-B5E9-62D7D786B187} = {827E0CD3-B72D-47B6-A68D-7590B98EB39B}
	EndGlobalSection
EndGlobal
